
Microsoft Visual Studio Solution File, Format Version 12.00
# Visual Studio 15
Project("{FAE04EC0-301F-11D3-BF4B-00C04F79EFBC}") = "Assembly-CSharp", "Assembly-CSharp.csproj", "{2487D5D7-D23F-9082-D551-41800411AFC6}"
EndProject
Project("{FAE04EC0-301F-11D3-BF4B-00C04F79EFBC}") = "Assembly-CSharp-firstpass", "Assembly-CSharp-firstpass.csproj", "{CDAF2F4A-4753-D1F4-2FA1-6493E969B90B}"
EndProject
Project("{FAE04EC0-301F-11D3-BF4B-00C04F79EFBC}") = "Assembly-CSharp-Editor-firstpass", "Assembly-CSharp-Editor-firstpass.csproj", "{DC9033BA-71B5-69A3-1CBE-84D949E74D2D}"
EndProject
Global
	GlobalSection(SolutionConfigurationPlatforms) = preSolution
		Debug|Any CPU = Debug|Any CPU
		Release|Any CPU = Release|Any CPU
	EndGlobalSection
	GlobalSection(ProjectConfigurationPlatforms) = postSolution
		{2487D5D7-D23F-9082-D551-41800411AFC6}.Debug|Any CPU.ActiveCfg = Debug|Any CPU
		{2487D5D7-D23F-9082-D551-41800411AFC6}.Debug|Any CPU.Build.0 = Debug|Any CPU
		{2487D5D7-D23F-9082-D551-41800411AFC6}.Release|Any CPU.ActiveCfg = Release|Any CPU
		{2487D5D7-D23F-9082-D551-41800411AFC6}.Release|Any CPU.Build.0 = Release|Any CPU
		{CDAF2F4A-4753-D1F4-2FA1-6493E969B90B}.Debug|Any CPU.ActiveCfg = Debug|Any CPU
		{CDAF2F4A-4753-D1F4-2FA1-6493E969B90B}.Debug|Any CPU.Build.0 = Debug|Any CPU
		{CDAF2F4A-4753-D1F4-2FA1-6493E969B90B}.Release|Any CPU.ActiveCfg = Release|Any CPU
		{CDAF2F4A-4753-D1F4-2FA1-6493E969B90B}.Release|Any CPU.Build.0 = Release|Any CPU
		{DC9033BA-71B5-69A3-1CBE-84D949E74D2D}.Debug|Any CPU.ActiveCfg = Debug|Any CPU
		{DC9033BA-71B5-69A3-1CBE-84D949E74D2D}.Debug|Any CPU.Build.0 = Debug|Any CPU
		{DC9033BA-71B5-69A3-1CBE-84D949E74D2D}.Release|Any CPU.ActiveCfg = Release|Any CPU
		{DC9033BA-71B5-69A3-1CBE-84D949E74D2D}.Release|Any CPU.Build.0 = Release|Any CPU
	EndGlobalSection
	GlobalSection(SolutionProperties) = preSolution
		HideSolutionNode = FALSE
	EndGlobalSection
	GlobalSection(MonoDevelopProperties) = preSolution
		StartupItem = Assembly-CSharp.csproj
	EndGlobalSection
EndGlobal
